// !$*UTF8*$!
{
	archiveVersion = 1;
	classes = {
	};
	objectVersion = 50;
	objects = {

/* Begin PBXBuildFile section */
		F0CBF13E246919BF00F71478 /* AppDelegate.swift in Sources */ = {isa = PBXBuildFile; fileRef = F0CBF13D246919BF00F71478 /* AppDelegate.swift */; };
		F0CBF140246919BF00F71478 /* SceneDelegate.swift in Sources */ = {isa = PBXBuildFile; fileRef = F0CBF13F246919BF00F71478 /* SceneDelegate.swift */; };
		F0CBF145246919BF00F71478 /* Main.storyboard in Resources */ = {isa = PBXBuildFile; fileRef = F0CBF143246919BF00F71478 /* Main.storyboard */; };
		F0CBF147246919C200F71478 /* Assets.xcassets in Resources */ = {isa = PBXBuildFile; fileRef = F0CBF146246919C200F71478 /* Assets.xcassets */; };
		F0CBF14A246919C200F71478 /* LaunchScreen.storyboard in Resources */ = {isa = PBXBuildFile; fileRef = F0CBF148246919C200F71478 /* LaunchScreen.storyboard */; };
		F0CBF155246919C300F71478 /* TodoListTests.swift in Sources */ = {isa = PBXBuildFile; fileRef = F0CBF154246919C300F71478 /* TodoListTests.swift */; };
		F0CBF160246919C300F71478 /* TodoListUITests.swift in Sources */ = {isa = PBXBuildFile; fileRef = F0CBF15F246919C300F71478 /* TodoListUITests.swift */; };
		F0CBF16E24691DCE00F71478 /* ToDoListTableViewController.swift in Sources */ = {isa = PBXBuildFile; fileRef = F0CBF16D24691DCE00F71478 /* ToDoListTableViewController.swift */; };
		F0CBF1B22469364F00F71478 /* DataModel.xcdatamodeld in Sources */ = {isa = PBXBuildFile; fileRef = F0CBF1B02469364F00F71478 /* DataModel.xcdatamodeld */; };
/* End PBXBuildFile section */

/* Begin PBXContainerItemProxy section */
		F0CBF151246919C300F71478 /* PBXContainerItemProxy */ = {
			isa = PBXContainerItemProxy;
			containerPortal = F0CBF132246919BF00F71478 /* Project object */;
			proxyType = 1;
			remoteGlobalIDString = F0CBF139246919BF00F71478;
			remoteInfo = TodoList;
		};
		F0CBF15C246919C300F71478 /* PBXContainerItemProxy */ = {
			isa = PBXContainerItemProxy;
			containerPortal = F0CBF132246919BF00F71478 /* Project object */;
			proxyType = 1;
			remoteGlobalIDString = F0CBF139246919BF00F71478;
			remoteInfo = TodoList;
		};
/* End PBXContainerItemProxy section */

/* Begin PBXFileReference section */
		F0CBF13A246919BF00F71478 /* TodoList.app */ = {isa = PBXFileReference; explicitFileType = wrapper.application; includeInIndex = 0; path = TodoList.app; sourceTree = BUILT_PRODUCTS_DIR; };
		F0CBF13D246919BF00F71478 /* AppDelegate.swift */ = {isa = PBXFileReference; lastKnownFileType = sourcecode.swift; path = AppDelegate.swift; sourceTree = "<group>"; };
		F0CBF13F246919BF00F71478 /* SceneDelegate.swift */ = {isa = PBXFileReference; lastKnownFileType = sourcecode.swift; path = SceneDelegate.swift; sourceTree = "<group>"; };
		F0CBF144246919BF00F71478 /* Base */ = {isa = PBXFileReference; lastKnownFileType = file.storyboard; name = Base; path = Base.lproj/Main.storyboard; sourceTree = "<group>"; };
		F0CBF146246919C200F71478 /* Assets.xcassets */ = {isa = PBXFileReference; lastKnownFileType = folder.assetcatalog; path = Assets.xcassets; sourceTree = "<group>"; };
		F0CBF149246919C200F71478 /* Base */ = {isa = PBXFileReference; lastKnownFileType = file.storyboard; name = Base; path = Base.lproj/LaunchScreen.storyboard; sourceTree = "<group>"; };
		F0CBF14B246919C200F71478 /* Info.plist */ = {isa = PBXFileReference; lastKnownFileType = text.plist.xml; path = Info.plist; sourceTree = "<group>"; };
		F0CBF150246919C300F71478 /* TodoListTests.xctest */ = {isa = PBXFileReference; explicitFileType = wrapper.cfbundle; includeInIndex = 0; path = TodoListTests.xctest; sourceTree = BUILT_PRODUCTS_DIR; };
		F0CBF154246919C300F71478 /* TodoListTests.swift */ = {isa = PBXFileReference; lastKnownFileType = sourcecode.swift; path = TodoListTests.swift; sourceTree = "<group>"; };
		F0CBF156246919C300F71478 /* Info.plist */ = {isa = PBXFileReference; lastKnownFileType = text.plist.xml; path = Info.plist; sourceTree = "<group>"; };
		F0CBF15B246919C300F71478 /* TodoListUITests.xctest */ = {isa = PBXFileReference; explicitFileType = wrapper.cfbundle; includeInIndex = 0; path = TodoListUITests.xctest; sourceTree = BUILT_PRODUCTS_DIR; };
		F0CBF15F246919C300F71478 /* TodoListUITests.swift */ = {isa = PBXFileReference; lastKnownFileType = sourcecode.swift; path = TodoListUITests.swift; sourceTree = "<group>"; };
		F0CBF161246919C300F71478 /* Info.plist */ = {isa = PBXFileReference; lastKnownFileType = text.plist.xml; path = Info.plist; sourceTree = "<group>"; };
		F0CBF16D24691DCE00F71478 /* ToDoListTableViewController.swift */ = {isa = PBXFileReference; lastKnownFileType = sourcecode.swift; path = ToDoListTableViewController.swift; sourceTree = "<group>"; };
		F0CBF1B12469364F00F71478 /* DataModel.xcdatamodel */ = {isa = PBXFileReference; lastKnownFileType = wrapper.xcdatamodel; path = DataModel.xcdatamodel; sourceTree = "<group>"; };
/* End PBXFileReference section */

/* Begin PBXFrameworksBuildPhase section */
		F0CBF137246919BF00F71478 /* Frameworks */ = {
			isa = PBXFrameworksBuildPhase;
			buildActionMask = 2147483647;
			files = (
			);
			runOnlyForDeploymentPostprocessing = 0;
		};
		F0CBF14D246919C300F71478 /* Frameworks */ = {
			isa = PBXFrameworksBuildPhase;
			buildActionMask = 2147483647;
			files = (
			);
			runOnlyForDeploymentPostprocessing = 0;
		};
		F0CBF158246919C300F71478 /* Frameworks */ = {
			isa = PBXFrameworksBuildPhase;
			buildActionMask = 2147483647;
			files = (
			);
			runOnlyForDeploymentPostprocessing = 0;
		};
/* End PBXFrameworksBuildPhase section */

/* Begin PBXGroup section */
		F0CBF131246919BF00F71478 = {
			isa = PBXGroup;
			children = (
				F0CBF13C246919BF00F71478 /* TodoList */,
				F0CBF153246919C300F71478 /* TodoListTests */,
				F0CBF15E246919C300F71478 /* TodoListUITests */,
				F0CBF13B246919BF00F71478 /* Products */,
			);
			sourceTree = "<group>";
		};
		F0CBF13B246919BF00F71478 /* Products */ = {
			isa = PBXGroup;
			children = (
				F0CBF13A246919BF00F71478 /* TodoList.app */,
				F0CBF150246919C300F71478 /* TodoListTests.xctest */,
				F0CBF15B246919C300F71478 /* TodoListUITests.xctest */,
			);
			name = Products;
			sourceTree = "<group>";
		};
		F0CBF13C246919BF00F71478 /* TodoList */ = {
			isa = PBXGroup;
			children = (
				F0CBF1AE2469361C00F71478 /* Controller */,
				F0CBF13D246919BF00F71478 /* AppDelegate.swift */,
				F0CBF13F246919BF00F71478 /* SceneDelegate.swift */,
				F0CBF1AF2469362600F71478 /* Data Model */,
				F0CBF143246919BF00F71478 /* Main.storyboard */,
				F0CBF146246919C200F71478 /* Assets.xcassets */,
				F0CBF148246919C200F71478 /* LaunchScreen.storyboard */,
				F0CBF14B246919C200F71478 /* Info.plist */,
			);
			path = TodoList;
			sourceTree = "<group>";
		};
		F0CBF153246919C300F71478 /* TodoListTests */ = {
			isa = PBXGroup;
			children = (
				F0CBF154246919C300F71478 /* TodoListTests.swift */,
				F0CBF156246919C300F71478 /* Info.plist */,
			);
			path = TodoListTests;
			sourceTree = "<group>";
		};
		F0CBF15E246919C300F71478 /* TodoListUITests */ = {
			isa = PBXGroup;
			children = (
				F0CBF15F246919C300F71478 /* TodoListUITests.swift */,
				F0CBF161246919C300F71478 /* Info.plist */,
			);
			path = TodoListUITests;
			sourceTree = "<group>";
		};
		F0CBF1AE2469361C00F71478 /* Controller */ = {
			isa = PBXGroup;
			children = (
				F0CBF16D24691DCE00F71478 /* ToDoListTableViewController.swift */,
			);
			path = Controller;
			sourceTree = "<group>";
		};
		F0CBF1AF2469362600F71478 /* Data Model */ = {
			isa = PBXGroup;
			children = (
				F0CBF1B02469364F00F71478 /* DataModel.xcdatamodeld */,
			);
			path = "Data Model";
			sourceTree = "<group>";
		};
/* End PBXGroup section */

/* Begin PBXNativeTarget section */
		F0CBF139246919BF00F71478 /* TodoList */ = {
			isa = PBXNativeTarget;
			buildConfigurationList = F0CBF164246919C300F71478 /* Build configuration list for PBXNativeTarget "TodoList" */;
			buildPhases = (
				F0CBF136246919BF00F71478 /* Sources */,
				F0CBF137246919BF00F71478 /* Frameworks */,
				F0CBF138246919BF00F71478 /* Resources */,
			);
			buildRules = (
			);
			dependencies = (
			);
			name = TodoList;
			productName = TodoList;
			productReference = F0CBF13A246919BF00F71478 /* TodoList.app */;
			productType = "com.apple.product-type.application";
		};
		F0CBF14F246919C300F71478 /* TodoListTests */ = {
			isa = PBXNativeTarget;
			buildConfigurationList = F0CBF167246919C300F71478 /* Build configuration list for PBXNativeTarget "TodoListTests" */;
			buildPhases = (
				F0CBF14C246919C300F71478 /* Sources */,
				F0CBF14D246919C300F71478 /* Frameworks */,
				F0CBF14E246919C300F71478 /* Resources */,
			);
			buildRules = (
			);
			dependencies = (
				F0CBF152246919C300F71478 /* PBXTargetDependency */,
			);
			name = TodoListTests;
			productName = TodoListTests;
			productReference = F0CBF150246919C300F71478 /* TodoListTests.xctest */;
			productType = "com.apple.product-type.bundle.unit-test";
		};
		F0CBF15A246919C300F71478 /* TodoListUITests */ = {
			isa = PBXNativeTarget;
			buildConfigurationList = F0CBF16A246919C300F71478 /* Build configuration list for PBXNativeTarget "TodoListUITests" */;
			buildPhases = (
				F0CBF157246919C300F71478 /* Sources */,
				F0CBF158246919C300F71478 /* Frameworks */,
				F0CBF159246919C300F71478 /* Resources */,
			);
			buildRules = (
			);
			dependencies = (
				F0CBF15D246919C300F71478 /* PBXTargetDependency */,
			);
			name = TodoListUITests;
			productName = TodoListUITests;
			productReference = F0CBF15B246919C300F71478 /* TodoListUITests.xctest */;
			productType = "com.apple.product-type.bundle.ui-testing";
		};
/* End PBXNativeTarget section */

/* Begin PBXProject section */
		F0CBF132246919BF00F71478 /* Project object */ = {
			isa = PBXProject;
			attributes = {
				LastSwiftUpdateCheck = 1120;
				LastUpgradeCheck = 1120;
				ORGANIZATIONNAME = "Vinayak Bhor";
				TargetAttributes = {
					F0CBF139246919BF00F71478 = {
						CreatedOnToolsVersion = 11.2;
					};
					F0CBF14F246919C300F71478 = {
						CreatedOnToolsVersion = 11.2;
						TestTargetID = F0CBF139246919BF00F71478;
					};
					F0CBF15A246919C300F71478 = {
						CreatedOnToolsVersion = 11.2;
						TestTargetID = F0CBF139246919BF00F71478;
					};
				};
			};
			buildConfigurationList = F0CBF135246919BF00F71478 /* Build configuration list for PBXProject "TodoList" */;
			compatibilityVersion = "Xcode 9.3";
			developmentRegion = en;
			hasScannedForEncodings = 0;
			knownRegions = (
				en,
				Base,
			);
			mainGroup = F0CBF131246919BF00F71478;
			productRefGroup = F0CBF13B246919BF00F71478 /* Products */;
			projectDirPath = "";
			projectRoot = "";
			targets = (
				F0CBF139246919BF00F71478 /* TodoList */,
				F0CBF14F246919C300F71478 /* TodoListTests */,
				F0CBF15A246919C300F71478 /* TodoListUITests */,
			);
		};
/* End PBXProject section */

/* Begin PBXResourcesBuildPhase section */
		F0CBF138246919BF00F71478 /* Resources */ = {
			isa = PBXResourcesBuildPhase;
			buildActionMask = 2147483647;
			files = (
				F0CBF14A246919C200F71478 /* LaunchScreen.storyboard in Resources */,
				F0CBF147246919C200F71478 /* Assets.xcassets in Resources */,
				F0CBF145246919BF00F71478 /* Main.storyboard in Resources */,
			);
			runOnlyForDeploymentPostprocessing = 0;
		};
		F0CBF14E246919C300F71478 /* Resources */ = {
			isa = PBXResourcesBuildPhase;
			buildActionMask = 2147483647;
			files = (
			);
			runOnlyForDeploymentPostprocessing = 0;
		};
		F0CBF159246919C300F71478 /* Resources */ = {
			isa = PBXResourcesBuildPhase;
			buildActionMask = 2147483647;
			files = (
			);
			runOnlyForDeploymentPostprocessing = 0;
		};
/* End PBXResourcesBuildPhase section */

/* Begin PBXSourcesBuildPhase section */
		F0CBF136246919BF00F71478 /* Sources */ = {
			isa = PBXSourcesBuildPhase;
			buildActionMask = 2147483647;
			files = (
				F0CBF13E246919BF00F71478 /* AppDelegate.swift in Sources */,
				F0CBF1B22469364F00F71478 /* DataModel.xcdatamodeld in Sources */,
				F0CBF140246919BF00F71478 /* SceneDelegate.swift in Sources */,
				F0CBF16E24691DCE00F71478 /* ToDoListTableViewController.swift in Sources */,
			);
			runOnlyForDeploymentPostprocessing = 0;
		};
		F0CBF14C246919C300F71478 /* Sources */ = {
			isa = PBXSourcesBuildPhase;
			buildActionMask = 2147483647;
			files = (
				F0CBF155246919C300F71478 /* TodoListTests.swift in Sources */,
			);
			runOnlyForDeploymentPostprocessing = 0;
		};
		F0CBF157246919C300F71478 /* Sources */ = {
			isa = PBXSourcesBuildPhase;
			buildActionMask = 2147483647;
			files = (
				F0CBF160246919C300F71478 /* TodoListUITests.swift in Sources */,
			);
			runOnlyForDeploymentPostprocessing = 0;
		};
/* End PBXSourcesBuildPhase section */

/* Begin PBXTargetDependency section */
		F0CBF152246919C300F71478 /* PBXTargetDependency */ = {
			isa = PBXTargetDependency;
			target = F0CBF139246919BF00F71478 /* TodoList */;
			targetProxy = F0CBF151246919C300F71478 /* PBXContainerItemProxy */;
		};
		F0CBF15D246919C300F71478 /* PBXTargetDependency */ = {
			isa = PBXTargetDependency;
			target = F0CBF139246919BF00F71478 /* TodoList */;
			targetProxy = F0CBF15C246919C300F71478 /* PBXContainerItemProxy */;
		};
/* End PBXTargetDependency section */

/* Begin PBXVariantGroup section */
		F0CBF143246919BF00F71478 /* Main.storyboard */ = {
			isa = PBXVariantGroup;
			children = (
				F0CBF144246919BF00F71478 /* Base */,
			);
			name = Main.storyboard;
			sourceTree = "<group>";
		};
		F0CBF148246919C200F71478 /* LaunchScreen.storyboard */ = {
			isa = PBXVariantGroup;
			children = (
				F0CBF149246919C200F71478 /* Base */,
			);
			name = LaunchScreen.storyboard;
			sourceTree = "<group>";
		};
/* End PBXVariantGroup section */

/* Begin XCBuildConfiguration section */
		F0CBF162246919C300F71478 /* Debug */ = {
			isa = XCBuildConfiguration;
			buildSettings = {
				ALWAYS_SEARCH_USER_PATHS = NO;
				CLANG_ANALYZER_NONNULL = YES;
				CLANG_ANALYZER_NUMBER_OBJECT_CONVERSION = YES_AGGRESSIVE;
				CLANG_CXX_LANGUAGE_STANDARD = "gnu++14";
				CLANG_CXX_LIBRARY = "libc++";
				CLANG_ENABLE_MODULES = YES;
				CLANG_ENABLE_OBJC_ARC = YES;
				CLANG_ENABLE_OBJC_WEAK = YES;
				CLANG_WARN_BLOCK_CAPTURE_AUTORELEASING = YES;
				CLANG_WARN_BOOL_CONVERSION = YES;
				CLANG_WARN_COMMA = YES;
				CLANG_WARN_CONSTANT_CONVERSION = YES;
				CLANG_WARN_DEPRECATED_OBJC_IMPLEMENTATIONS = YES;
				CLANG_WARN_DIRECT_OBJC_ISA_USAGE = YES_ERROR;
				CLANG_WARN_DOCUMENTATION_COMMENTS = YES;
				CLANG_WARN_EMPTY_BODY = YES;
				CLANG_WARN_ENUM_CONVERSION = YES;
				CLANG_WARN_INFINITE_RECURSION = YES;
				CLANG_WARN_INT_CONVERSION = YES;
				CLANG_WARN_NON_LITERAL_NULL_CONVERSION = YES;
				CLANG_WARN_OBJC_IMPLICIT_RETAIN_SELF = YES;
				CLANG_WARN_OBJC_LITERAL_CONVERSION = YES;
				CLANG_WARN_OBJC_ROOT_CLASS = YES_ERROR;
				CLANG_WARN_RANGE_LOOP_ANALYSIS = YES;
				CLANG_WARN_STRICT_PROTOTYPES = YES;
				CLANG_WARN_SUSPICIOUS_MOVE = YES;
				CLANG_WARN_UNGUARDED_AVAILABILITY = YES_AGGRESSIVE;
				CLANG_WARN_UNREACHABLE_CODE = YES;
				CLANG_WARN__DUPLICATE_METHOD_MATCH = YES;
				COPY_PHASE_STRIP = NO;
				DEBUG_INFORMATION_FORMAT = dwarf;
				ENABLE_STRICT_OBJC_MSGSEND = YES;
				ENABLE_TESTABILITY = YES;
				GCC_C_LANGUAGE_STANDARD = gnu11;
				GCC_DYNAMIC_NO_PIC = NO;
				GCC_NO_COMMON_BLOCKS = YES;
				GCC_OPTIMIZATION_LEVEL = 0;
				GCC_PREPROCESSOR_DEFINITIONS = (
					"DEBUG=1",
					"$(inherited)",
				);
				GCC_WARN_64_TO_32_BIT_CONVERSION = YES;
				GCC_WARN_ABOUT_RETURN_TYPE = YES_ERROR;
				GCC_WARN_UNDECLARED_SELECTOR = YES;
				GCC_WARN_UNINITIALIZED_AUTOS = YES_AGGRESSIVE;
				GCC_WARN_UNUSED_FUNCTION = YES;
				GCC_WARN_UNUSED_VARIABLE = YES;
				IPHONEOS_DEPLOYMENT_TARGET = 13.2;
				MTL_ENABLE_DEBUG_INFO = INCLUDE_SOURCE;
				MTL_FAST_MATH = YES;
				ONLY_ACTIVE_ARCH = YES;
				SDKROOT = iphoneos;
				SWIFT_ACTIVE_COMPILATION_CONDITIONS = DEBUG;
				SWIFT_OPTIMIZATION_LEVEL = "-Onone";
			};
			name = Debug;
		};
		F0CBF163246919C300F71478 /* Release */ = {
			isa = XCBuildConfiguration;
			buildSettings = {
				ALWAYS_SEARCH_USER_PATHS = NO;
				CLANG_ANALYZER_NONNULL = YES;
				CLANG_ANALYZER_NUMBER_OBJECT_CONVERSION = YES_AGGRESSIVE;
				CLANG_CXX_LANGUAGE_STANDARD = "gnu++14";
				CLANG_CXX_LIBRARY = "libc++";
				CLANG_ENABLE_MODULES = YES;
				CLANG_ENABLE_OBJC_ARC = YES;
				CLANG_ENABLE_OBJC_WEAK = YES;
				CLANG_WARN_BLOCK_CAPTURE_AUTORELEASING = YES;
				CLANG_WARN_BOOL_CONVERSION = YES;
				CLANG_WARN_COMMA = YES;
				CLANG_WARN_CONSTANT_CONVERSION = YES;
				CLANG_WARN_DEPRECATED_OBJC_IMPLEMENTATIONS = YES;
				CLANG_WARN_DIRECT_OBJC_ISA_USAGE = YES_ERROR;
				CLANG_WARN_DOCUMENTATION_COMMENTS = YES;
				CLANG_WARN_EMPTY_BODY = YES;
				CLANG_WARN_ENUM_CONVERSION = YES;
				CLANG_WARN_INFINITE_RECURSION = YES;
				CLANG_WARN_INT_CONVERSION = YES;
				CLANG_WARN_NON_LITERAL_NULL_CONVERSION = YES;
				CLANG_WARN_OBJC_IMPLICIT_RETAIN_SELF = YES;
				CLANG_WARN_OBJC_LITERAL_CONVERSION = YES;
				CLANG_WARN_OBJC_ROOT_CLASS = YES_ERROR;
				CLANG_WARN_RANGE_LOOP_ANALYSIS = YES;
				CLANG_WARN_STRICT_PROTOTYPES = YES;
				CLANG_WARN_SUSPICIOUS_MOVE = YES;
				CLANG_WARN_UNGUARDED_AVAILABILITY = YES_AGGRESSIVE;
				CLANG_WARN_UNREACHABLE_CODE = YES;
				CLANG_WARN__DUPLICATE_METHOD_MATCH = YES;
				COPY_PHASE_STRIP = NO;
				DEBUG_INFORMATION_FORMAT = "dwarf-with-dsym";
				ENABLE_NS_ASSERTIONS = NO;
				ENABLE_STRICT_OBJC_MSGSEND = YES;
				GCC_C_LANGUAGE_STANDARD = gnu11;
				GCC_NO_COMMON_BLOCKS = YES;
				GCC_WARN_64_TO_32_BIT_CONVERSION = YES;
				GCC_WARN_ABOUT_RETURN_TYPE = YES_ERROR;
				GCC_WARN_UNDECLARED_SELECTOR = YES;
				GCC_WARN_UNINITIALIZED_AUTOS = YES_AGGRESSIVE;
				GCC_WARN_UNUSED_FUNCTION = YES;
				GCC_WARN_UNUSED_VARIABLE = YES;
				IPHONEOS_DEPLOYMENT_TARGET = 13.2;
				MTL_ENABLE_DEBUG_INFO = NO;
				MTL_FAST_MATH = YES;
				SDKROOT = iphoneos;
				SWIFT_COMPILATION_MODE = wholemodule;
				SWIFT_OPTIMIZATION_LEVEL = "-O";
				VALIDATE_PRODUCT = YES;
			};
			name = Release;
		};
		F0CBF165246919C300F71478 /* Debug */ = {
			isa = XCBuildConfiguration;
			buildSettings = {
				ASSETCATALOG_COMPILER_APPICON_NAME = AppIcon;
				CODE_SIGN_STYLE = Automatic;
				DEVELOPMENT_TEAM = 5F8UQQ8G75;
				INFOPLIST_FILE = TodoList/Info.plist;
				LD_RUNPATH_SEARCH_PATHS = (
					"$(inherited)",
					"@executable_path/Frameworks",
				);
				PRODUCT_BUNDLE_IDENTIFIER = "Vinayak-Bhor.TodoList";
				PRODUCT_NAME = "$(TARGET_NAME)";
				SWIFT_VERSION = 5.0;
				TARGETED_DEVICE_FAMILY = "1,2";
			};
			name = Debug;
		};
		F0CBF166246919C300F71478 /* Release */ = {
			isa = XCBuildConfiguration;
			buildSettings = {
				ASSETCATALOG_COMPILER_APPICON_NAME = AppIcon;
				CODE_SIGN_STYLE = Automatic;
				DEVELOPMENT_TEAM = 5F8UQQ8G75;
				INFOPLIST_FILE = TodoList/Info.plist;
				LD_RUNPATH_SEARCH_PATHS = (
					"$(inherited)",
					"@executable_path/Frameworks",
				);
				PRODUCT_BUNDLE_IDENTIFIER = "Vinayak-Bhor.TodoList";
				PRODUCT_NAME = "$(TARGET_NAME)";
				SWIFT_VERSION = 5.0;
				TARGETED_DEVICE_FAMILY = "1,2";
			};
			name = Release;
		};
		F0CBF168246919C300F71478 /* Debug */ = {
			isa = XCBuildConfiguration;
			buildSettings = {
				ALWAYS_EMBED_SWIFT_STANDARD_LIBRARIES = YES;
				BUNDLE_LOADER = "$(TEST_HOST)";
				CODE_SIGN_STYLE = Automatic;
				DEVELOPMENT_TEAM = 5F8UQQ8G75;
				INFOPLIST_FILE = TodoListTests/Info.plist;
				IPHONEOS_DEPLOYMENT_TARGET = 13.2;
				LD_RUNPATH_SEARCH_PATHS = (
					"$(inherited)",
					"@executable_path/Frameworks",
					"@loader_path/Frameworks",
				);
				PRODUCT_BUNDLE_IDENTIFIER = "Vinayak-Bhor.TodoListTests";
				PRODUCT_NAME = "$(TARGET_NAME)";
				SWIFT_VERSION = 5.0;
				TARGETED_DEVICE_FAMILY = "1,2";
				TEST_HOST = "$(BUILT_PRODUCTS_DIR)/TodoList.app/TodoList";
			};
			name = Debug;
		};
		F0CBF169246919C300F71478 /* Release */ = {
			isa = XCBuildConfiguration;
			buildSettings = {
				ALWAYS_EMBED_SWIFT_STANDARD_LIBRARIES = YES;
				BUNDLE_LOADER = "$(TEST_HOST)";
				CODE_SIGN_STYLE = Automatic;
				DEVELOPMENT_TEAM = 5F8UQQ8G75;
				INFOPLIST_FILE = TodoListTests/Info.plist;
				IPHONEOS_DEPLOYMENT_TARGET = 13.2;
				LD_RUNPATH_SEARCH_PATHS = (
					"$(inherited)",
					"@executable_path/Frameworks",
					"@loader_path/Frameworks",
				);
				PRODUCT_BUNDLE_IDENTIFIER = "Vinayak-Bhor.TodoListTests";
				PRODUCT_NAME = "$(TARGET_NAME)";
				SWIFT_VERSION = 5.0;
				TARGETED_DEVICE_FAMILY = "1,2";
				TEST_HOST = "$(BUILT_PRODUCTS_DIR)/TodoList.app/TodoList";
			};
			name = Release;
		};
		F0CBF16B246919C300F71478 /* Debug */ = {
			isa = XCBuildConfiguration;
			buildSettings = {
				ALWAYS_EMBED_SWIFT_STANDARD_LIBRARIES = YES;
				CODE_SIGN_STYLE = Automatic;
				DEVELOPMENT_TEAM = 5F8UQQ8G75;
				INFOPLIST_FILE = TodoListUITests/Info.plist;
				LD_RUNPATH_SEARCH_PATHS = (
					"$(inherited)",
					"@executable_path/Frameworks",
					"@loader_path/Frameworks",
				);
				PRODUCT_BUNDLE_IDENTIFIER = "Vinayak-Bhor.TodoListUITests";
				PRODUCT_NAME = "$(TARGET_NAME)";
				SWIFT_VERSION = 5.0;
				TARGETED_DEVICE_FAMILY = "1,2";
				TEST_TARGET_NAME = TodoList;
			};
			name = Debug;
		};
		F0CBF16C246919C300F71478 /* Release */ = {
			isa = XCBuildConfiguration;
			buildSettings = {
				ALWAYS_EMBED_SWIFT_STANDARD_LIBRARIES = YES;
				CODE_SIGN_STYLE = Automatic;
				DEVELOPMENT_TEAM = 5F8UQQ8G75;
				INFOPLIST_FILE = TodoListUITests/Info.plist;
				LD_RUNPATH_SEARCH_PATHS = (
					"$(inherited)",
					"@executable_path/Frameworks",
					"@loader_path/Frameworks",
				);
				PRODUCT_BUNDLE_IDENTIFIER = "Vinayak-Bhor.TodoListUITests";
				PRODUCT_NAME = "$(TARGET_NAME)";
				SWIFT_VERSION = 5.0;
				TARGETED_DEVICE_FAMILY = "1,2";
				TEST_TARGET_NAME = TodoList;
			};
			name = Release;
		};
/* End XCBuildConfiguration section */

/* Begin XCConfigurationList section */
		F0CBF135246919BF00F71478 /* Build configuration list for PBXProject "TodoList" */ = {
			isa = XCConfigurationList;
			buildConfigurations = (
				F0CBF162246919C300F71478 /* Debug */,
				F0CBF163246919C300F71478 /* Release */,
			);
			defaultConfigurationIsVisible = 0;
			defaultConfigurationName = Release;
		};
		F0CBF164246919C300F71478 /* Build configuration list for PBXNativeTarget "TodoList" */ = {
			isa = XCConfigurationList;
			buildConfigurations = (
				F0CBF165246919C300F71478 /* Debug */,
				F0CBF166246919C300F71478 /* Release */,
			);
			defaultConfigurationIsVisible = 0;
			defaultConfigurationName = Release;
		};
		F0CBF167246919C300F71478 /* Build configuration list for PBXNativeTarget "TodoListTests" */ = {
			isa = XCConfigurationList;
			buildConfigurations = (
				F0CBF168246919C300F71478 /* Debug */,
				F0CBF169246919C300F71478 /* Release */,
			);
			defaultConfigurationIsVisible = 0;
			defaultConfigurationName = Release;
		};
		F0CBF16A246919C300F71478 /* Build configuration list for PBXNativeTarget "TodoListUITests" */ = {
			isa = XCConfigurationList;
			buildConfigurations = (
				F0CBF16B246919C300F71478 /* Debug */,
				F0CBF16C246919C300F71478 /* Release */,
			);
			defaultConfigurationIsVisible = 0;
			defaultConfigurationName = Release;
		};
/* End XCConfigurationList section */

/* Begin XCVersionGroup section */
		F0CBF1B02469364F00F71478 /* DataModel.xcdatamodeld */ = {
			isa = XCVersionGroup;
			children = (
				F0CBF1B12469364F00F71478 /* DataModel.xcdatamodel */,
			);
			currentVersion = F0CBF1B12469364F00F71478 /* DataModel.xcdatamodel */;
			path = DataModel.xcdatamodeld;
			sourceTree = "<group>";
			versionGroupType = wrapper.xcdatamodel;
		};
/* End XCVersionGroup section */
	};
	rootObject = F0CBF132246919BF00F71478 /* Project object */;
}
